{
  "requires": true,
  "lockfileVersion": 1,
  "dependencies": {
    "sweetalert2": {
      "version": "10.6.1",
      "resolved": "https://registry.npmjs.org/sweetalert2/-/sweetalert2-10.6.1.tgz",
      "integrity": "sha512-5cIPtYldmZ+EljMVRd5ml9xT72STU+N4kk57nO0oECQmjkCsJypAcEdL+h045otoAd3t9962FtewJYSKyJxOFQ=="
    }
  }
}
